
Microsoft Visual Studio Solution File, Format Version 12.00
# Visual Studio Version 16
VisualStudioVersion = 16.0.29215.179
MinimumVisualStudioVersion = 10.0.40219.1
Project("{FAE04EC0-301F-11D3-BF4B-00C04F79EFBC}") = "FantasyPetStore", "FantasyPetStore\FantasyPetStore.csproj", "{0F6EFCB8-AA86-4ECA-B91A-4412D5915458}"
EndProject
Global
	GlobalSection(SolutionConfigurationPlatforms) = preSolution
		Debug|Any CPU = Debug|Any CPU
		Release|Any CPU = Release|Any CPU
	EndGlobalSection
	GlobalSection(ProjectConfigurationPlatforms) = postSolution
		{0F6EFCB8-AA86-4ECA-B91A-4412D5915458}.Debug|Any CPU.ActiveCfg = Debug|Any CPU
		{0F6EFCB8-AA86-4ECA-B91A-4412D5915458}.Debug|Any CPU.Build.0 = Debug|Any CPU
		{0F6EFCB8-AA86-4ECA-B91A-4412D5915458}.Release|Any CPU.ActiveCfg = Release|Any CPU
		{0F6EFCB8-AA86-4ECA-B91A-4412D5915458}.Release|Any CPU.Build.0 = Release|Any CPU
	EndGlobalSection
	GlobalSection(SolutionProperties) = preSolution
		HideSolutionNode = FALSE
	EndGlobalSection
	GlobalSection(ExtensibilityGlobals) = postSolution
		SolutionGuid = {56A20F98-9C47-45AB-9405-C71637D7AE39}
	EndGlobalSection
EndGlobal
